
Microsoft Visual Studio Solution File, Format Version 12.00
# Visual Studio Version 16
VisualStudioVersion = 16.0.32002.261
MinimumVisualStudioVersion = 10.0.40219.1
Project("{FAE04EC0-301F-11D3-BF4B-00C04F79EFBC}") = "PruebaRedarbor", "PruebaRedarbor.csproj", "{6CFEE508-17FC-4219-8A33-B7F0B4F38FC1}"
EndProject
Global
	GlobalSection(SolutionConfigurationPlatforms) = preSolution
		Debug|Any CPU = Debug|Any CPU
		Release|Any CPU = Release|Any CPU
	EndGlobalSection
	GlobalSection(ProjectConfigurationPlatforms) = postSolution
		{6CFEE508-17FC-4219-8A33-B7F0B4F38FC1}.Debug|Any CPU.ActiveCfg = Debug|Any CPU
		{6CFEE508-17FC-4219-8A33-B7F0B4F38FC1}.Debug|Any CPU.Build.0 = Debug|Any CPU
		{6CFEE508-17FC-4219-8A33-B7F0B4F38FC1}.Release|Any CPU.ActiveCfg = Release|Any CPU
		{6CFEE508-17FC-4219-8A33-B7F0B4F38FC1}.Release|Any CPU.Build.0 = Release|Any CPU
	EndGlobalSection
	GlobalSection(SolutionProperties) = preSolution
		HideSolutionNode = FALSE
	EndGlobalSection
	GlobalSection(ExtensibilityGlobals) = postSolution
		SolutionGuid = {5B7124CB-BC15-48D4-945C-BA7ECA1B8F4B}
	EndGlobalSection
EndGlobal
